
Microsoft Visual Studio Solution File, Format Version 12.00
# Visual Studio Version 17
VisualStudioVersion = 17.0.31903.59
MinimumVisualStudioVersion = 10.0.40219.1
Project("{FAE04EC0-301F-11D3-BF4B-00C04F79EFBC}") = "PilhaNecessidades.Domain", "PilhaNecessidades.Domain\PilhaNecessidades.Domain.csproj", "{92A9DF26-05FD-45BA-B8C3-F3FB17BEBF00}"
EndProject
Project("{FAE04EC0-301F-11D3-BF4B-00C04F79EFBC}") = "PilhaNecessidades.Domain.Tests", "PilhaNecessidades.Domain.Tests\PilhaNecessidades.Domain.Tests.csproj", "{2A0BB127-5504-4E6E-AAA9-1F1052424C0C}"
EndProject
Global
	GlobalSection(SolutionConfigurationPlatforms) = preSolution
		Debug|Any CPU = Debug|Any CPU
		Release|Any CPU = Release|Any CPU
	EndGlobalSection
	GlobalSection(SolutionProperties) = preSolution
		HideSolutionNode = FALSE
	EndGlobalSection
	GlobalSection(ProjectConfigurationPlatforms) = postSolution
		{92A9DF26-05FD-45BA-B8C3-F3FB17BEBF00}.Debug|Any CPU.ActiveCfg = Debug|Any CPU
		{92A9DF26-05FD-45BA-B8C3-F3FB17BEBF00}.Debug|Any CPU.Build.0 = Debug|Any CPU
		{92A9DF26-05FD-45BA-B8C3-F3FB17BEBF00}.Release|Any CPU.ActiveCfg = Release|Any CPU
		{92A9DF26-05FD-45BA-B8C3-F3FB17BEBF00}.Release|Any CPU.Build.0 = Release|Any CPU
		{2A0BB127-5504-4E6E-AAA9-1F1052424C0C}.Debug|Any CPU.ActiveCfg = Debug|Any CPU
		{2A0BB127-5504-4E6E-AAA9-1F1052424C0C}.Debug|Any CPU.Build.0 = Debug|Any CPU
		{2A0BB127-5504-4E6E-AAA9-1F1052424C0C}.Release|Any CPU.ActiveCfg = Release|Any CPU
		{2A0BB127-5504-4E6E-AAA9-1F1052424C0C}.Release|Any CPU.Build.0 = Release|Any CPU
	EndGlobalSection
EndGlobal
